
Microsoft Visual Studio Solution File, Format Version 12.00
# Visual Studio Version 17
VisualStudioVersion = 17.1.32421.90
MinimumVisualStudioVersion = 10.0.40219.1
Project("{FAE04EC0-301F-11D3-BF4B-00C04F79EFBC}") = "sqlite_primer_for_net_6_console", "sqlite_primer_for_net_6_console\sqlite_primer_for_net_6_console.csproj", "{502BA435-6CDC-4F74-BB98-B8BA1B85E562}"
EndProject
Global
	GlobalSection(SolutionConfigurationPlatforms) = preSolution
		Debug|Any CPU = Debug|Any CPU
		Release|Any CPU = Release|Any CPU
	EndGlobalSection
	GlobalSection(ProjectConfigurationPlatforms) = postSolution
		{502BA435-6CDC-4F74-BB98-B8BA1B85E562}.Debug|Any CPU.ActiveCfg = Debug|Any CPU
		{502BA435-6CDC-4F74-BB98-B8BA1B85E562}.Debug|Any CPU.Build.0 = Debug|Any CPU
		{502BA435-6CDC-4F74-BB98-B8BA1B85E562}.Release|Any CPU.ActiveCfg = Release|Any CPU
		{502BA435-6CDC-4F74-BB98-B8BA1B85E562}.Release|Any CPU.Build.0 = Release|Any CPU
	EndGlobalSection
	GlobalSection(SolutionProperties) = preSolution
		HideSolutionNode = FALSE
	EndGlobalSection
	GlobalSection(ExtensibilityGlobals) = postSolution
		SolutionGuid = {FF32DF6A-8888-4158-8F84-17796DA27005}
	EndGlobalSection
EndGlobal
